
Microsoft Visual Studio Solution File, Format Version 12.00
# Visual Studio Version 16
VisualStudioVersion = 16.0.30406.217
MinimumVisualStudioVersion = 15.0.26124.0
Project("{9A19103F-16F7-4668-BE54-9A1E7A4F7556}") = "WebApp", "WebApp.csproj", "{910BE7DE-AC55-4E30-8C17-28DE3A4E349E}"
EndProject
Global
	GlobalSection(SolutionConfigurationPlatforms) = preSolution
		Debug|Any CPU = Debug|Any CPU
		Debug|x64 = Debug|x64
		Debug|x86 = Debug|x86
		Release|Any CPU = Release|Any CPU
		Release|x64 = Release|x64
		Release|x86 = Release|x86
	EndGlobalSection
	GlobalSection(ProjectConfigurationPlatforms) = postSolution
		{910BE7DE-AC55-4E30-8C17-28DE3A4E349E}.Debug|Any CPU.ActiveCfg = Debug|Any CPU
		{910BE7DE-AC55-4E30-8C17-28DE3A4E349E}.Debug|Any CPU.Build.0 = Debug|Any CPU
		{910BE7DE-AC55-4E30-8C17-28DE3A4E349E}.Debug|x64.ActiveCfg = Debug|Any CPU
		{910BE7DE-AC55-4E30-8C17-28DE3A4E349E}.Debug|x64.Build.0 = Debug|Any CPU
		{910BE7DE-AC55-4E30-8C17-28DE3A4E349E}.Debug|x86.ActiveCfg = Debug|Any CPU
		{910BE7DE-AC55-4E30-8C17-28DE3A4E349E}.Debug|x86.Build.0 = Debug|Any CPU
		{910BE7DE-AC55-4E30-8C17-28DE3A4E349E}.Release|Any CPU.ActiveCfg = Release|Any CPU
		{910BE7DE-AC55-4E30-8C17-28DE3A4E349E}.Release|Any CPU.Build.0 = Release|Any CPU
		{910BE7DE-AC55-4E30-8C17-28DE3A4E349E}.Release|x64.ActiveCfg = Release|Any CPU
		{910BE7DE-AC55-4E30-8C17-28DE3A4E349E}.Release|x64.Build.0 = Release|Any CPU
		{910BE7DE-AC55-4E30-8C17-28DE3A4E349E}.Release|x86.ActiveCfg = Release|Any CPU
		{910BE7DE-AC55-4E30-8C17-28DE3A4E349E}.Release|x86.Build.0 = Release|Any CPU
	EndGlobalSection
	GlobalSection(SolutionProperties) = preSolution
		HideSolutionNode = FALSE
	EndGlobalSection
	GlobalSection(ExtensibilityGlobals) = postSolution
		SolutionGuid = {35DD1FE3-6665-412C-816D-511D6C51A6F9}
	EndGlobalSection
EndGlobal
